{
  "name": "higher-health-django",
  "version": "1.0.0",
  "lockfileVersion": 1,
  "requires": true,
  "dependencies": {
    "@sentry/browser": {
      "version": "5.18.1",
      "resolved": "https://registry.npmjs.org/@sentry/browser/-/browser-5.18.1.tgz",
      "integrity": "sha512-U1w0d5kRMsfzMYwWn4+awDKfBEI5lxhHa0bMChSpj5z/dWiz/e0mikZ9gCoF+ZNqkXJ92l/3r9gRz+SIsn5ZoA==",
      "requires": {
        "@sentry/core": "5.18.1",
        "@sentry/types": "5.18.1",
        "@sentry/utils": "5.18.1",
        "tslib": "^1.9.3"
      }
    },
    "@sentry/core": {
      "version": "5.18.1",
      "resolved": "https://registry.npmjs.org/@sentry/core/-/core-5.18.1.tgz",
      "integrity": "sha512-nC2aK6gwVIBVysmtdFHxYJyuChIHtkv7TnvmwgA5788L/HWo7E3R+Rd8Tf2npvp/aP+kmNITNbc5CIIqwGPaqQ==",
      "requires": {
        "@sentry/hub": "5.18.1",
        "@sentry/minimal": "5.18.1",
        "@sentry/types": "5.18.1",
        "@sentry/utils": "5.18.1",
        "tslib": "^1.9.3"
      }
    },
    "@sentry/hub": {
      "version": "5.18.1",
      "resolved": "https://registry.npmjs.org/@sentry/hub/-/hub-5.18.1.tgz",
      "integrity": "sha512-dFnaj1fQRT74EhoF8MXJ23K3svt11zEF6CS3cdMrkSzfRbAHjyza7KT2AJHUeF6gtH2BZzqsSw+FnfAke0HGIg==",
      "requires": {
        "@sentry/types": "5.18.1",
        "@sentry/utils": "5.18.1",
        "tslib": "^1.9.3"
      }
    },
    "@sentry/minimal": {
      "version": "5.18.1",
      "resolved": "https://registry.npmjs.org/@sentry/minimal/-/minimal-5.18.1.tgz",
      "integrity": "sha512-St2bjcZ5FFiH+bYkWoEPlEb0w38YSvftnjJTvZyk05SCdsF7HkGfoBeFmztwBf1VLQPYt3ojny14L6KDAvOTpw==",
      "requires": {
        "@sentry/hub": "5.18.1",
        "@sentry/types": "5.18.1",
        "tslib": "^1.9.3"
      }
    },
    "@sentry/types": {
      "version": "5.18.1",
      "resolved": "https://registry.npmjs.org/@sentry/types/-/types-5.18.1.tgz",
      "integrity": "sha512-y5YTkRFC4Y7r4GHrvin6aZLBpQIGdMZRq78f/s7IIEZrmWYbVKsK4dyJht6pOsUdEaxeYpsu3okIA0bqmthSJA=="
    },
    "@sentry/utils": {
      "version": "5.18.1",
      "resolved": "https://registry.npmjs.org/@sentry/utils/-/utils-5.18.1.tgz",
      "integrity": "sha512-P4lt6NauCBWASaP6R5kfOmc24imbD32G5FeWqK7vHftIphOJ0X7OZfh93DJPs3e5RIvW3YCywUsa7MpTH5/ClA==",
      "requires": {
        "@sentry/types": "5.18.1",
        "tslib": "^1.9.3"
      }
    },
    "tslib": {
      "version": "1.13.0",
      "resolved": "https://registry.npmjs.org/tslib/-/tslib-1.13.0.tgz",
      "integrity": "sha512-i/6DQjL8Xf3be4K/E6Wgpekn5Qasl1usyw++dAA35Ue5orEn65VIxOA+YvNNl9HV3qv70T7CNwjODHZrLwvd1Q=="
    }
  }
}
